
Microsoft Visual Studio Solution File, Format Version 12.00
# Visual Studio Version 17
VisualStudioVersion = 17.3.32922.545
MinimumVisualStudioVersion = 10.0.40219.1
Project("{FAE04EC0-301F-11D3-BF4B-00C04F79EFBC}") = "OthelloPresentation", "Othello\OthelloPresentation.csproj", "{3C1FCEEA-4098-4530-AB20-9605CF4400A7}"
EndProject
Project("{FAE04EC0-301F-11D3-BF4B-00C04F79EFBC}") = "OthelloConsole", "OthelloConsole\OthelloConsole.csproj", "{82F403B0-A4EF-4F91-9B6B-9CB069032993}"
EndProject
Project("{FAE04EC0-301F-11D3-BF4B-00C04F79EFBC}") = "OthelloBusiness", "OthelloBusiness\OthelloBusiness.csproj", "{29070208-C0C5-4552-A8AD-B2160428E4C0}"
EndProject
Global
	GlobalSection(SolutionConfigurationPlatforms) = preSolution
		Debug|Any CPU = Debug|Any CPU
		Release|Any CPU = Release|Any CPU
	EndGlobalSection
	GlobalSection(ProjectConfigurationPlatforms) = postSolution
		{3C1FCEEA-4098-4530-AB20-9605CF4400A7}.Debug|Any CPU.ActiveCfg = Debug|Any CPU
		{3C1FCEEA-4098-4530-AB20-9605CF4400A7}.Debug|Any CPU.Build.0 = Debug|Any CPU
		{3C1FCEEA-4098-4530-AB20-9605CF4400A7}.Release|Any CPU.ActiveCfg = Release|Any CPU
		{3C1FCEEA-4098-4530-AB20-9605CF4400A7}.Release|Any CPU.Build.0 = Release|Any CPU
		{82F403B0-A4EF-4F91-9B6B-9CB069032993}.Debug|Any CPU.ActiveCfg = Debug|Any CPU
		{82F403B0-A4EF-4F91-9B6B-9CB069032993}.Debug|Any CPU.Build.0 = Debug|Any CPU
		{82F403B0-A4EF-4F91-9B6B-9CB069032993}.Release|Any CPU.ActiveCfg = Release|Any CPU
		{82F403B0-A4EF-4F91-9B6B-9CB069032993}.Release|Any CPU.Build.0 = Release|Any CPU
		{29070208-C0C5-4552-A8AD-B2160428E4C0}.Debug|Any CPU.ActiveCfg = Debug|Any CPU
		{29070208-C0C5-4552-A8AD-B2160428E4C0}.Debug|Any CPU.Build.0 = Debug|Any CPU
		{29070208-C0C5-4552-A8AD-B2160428E4C0}.Release|Any CPU.ActiveCfg = Release|Any CPU
		{29070208-C0C5-4552-A8AD-B2160428E4C0}.Release|Any CPU.Build.0 = Release|Any CPU
	EndGlobalSection
	GlobalSection(SolutionProperties) = preSolution
		HideSolutionNode = FALSE
	EndGlobalSection
	GlobalSection(ExtensibilityGlobals) = postSolution
		SolutionGuid = {E2AE66DD-5DB9-481D-9429-147DE01371F2}
	EndGlobalSection
EndGlobal
